// !$*UTF8*$!
{
	archiveVersion = 1;
	classes = {
	};
	objectVersion = 55;
	objects = {

/* Begin PBXBuildFile section */
		0647995D86434653A30A62E9 /* Pods_RxSwiftPracticeLogin.framework in Frameworks */ = {isa = PBXBuildFile; fileRef = B91190DFE93593A530E64476 /* Pods_RxSwiftPracticeLogin.framework */; };
		B3BFBCD92852A48700550ADE /* AppDelegate.swift in Sources */ = {isa = PBXBuildFile; fileRef = B3BFBCD82852A48700550ADE /* AppDelegate.swift */; };
		B3BFBCDB2852A48700550ADE /* SceneDelegate.swift in Sources */ = {isa = PBXBuildFile; fileRef = B3BFBCDA2852A48700550ADE /* SceneDelegate.swift */; };
		B3BFBCDD2852A48700550ADE /* ViewController.swift in Sources */ = {isa = PBXBuildFile; fileRef = B3BFBCDC2852A48700550ADE /* ViewController.swift */; };
		B3BFBCE02852A48700550ADE /* Main.storyboard in Resources */ = {isa = PBXBuildFile; fileRef = B3BFBCDE2852A48700550ADE /* Main.storyboard */; };
		B3BFBCE22852A48800550ADE /* Assets.xcassets in Resources */ = {isa = PBXBuildFile; fileRef = B3BFBCE12852A48800550ADE /* Assets.xcassets */; };
		B3BFBCE52852A48800550ADE /* LaunchScreen.storyboard in Resources */ = {isa = PBXBuildFile; fileRef = B3BFBCE32852A48800550ADE /* LaunchScreen.storyboard */; };
/* End PBXBuildFile section */

/* Begin PBXFileReference section */
		2CA0CEE25C14E926A42E08B1 /* Pods-RxSwiftPracticeLogin.debug.xcconfig */ = {isa = PBXFileReference; includeInIndex = 1; lastKnownFileType = text.xcconfig; name = "Pods-RxSwiftPracticeLogin.debug.xcconfig"; path = "Target Support Files/Pods-RxSwiftPracticeLogin/Pods-RxSwiftPracticeLogin.debug.xcconfig"; sourceTree = "<group>"; };
		B3BFBCD52852A48700550ADE /* RxSwiftPracticeLogin.app */ = {isa = PBXFileReference; explicitFileType = wrapper.application; includeInIndex = 0; path = RxSwiftPracticeLogin.app; sourceTree = BUILT_PRODUCTS_DIR; };
		B3BFBCD82852A48700550ADE /* AppDelegate.swift */ = {isa = PBXFileReference; lastKnownFileType = sourcecode.swift; path = AppDelegate.swift; sourceTree = "<group>"; };
		B3BFBCDA2852A48700550ADE /* SceneDelegate.swift */ = {isa = PBXFileReference; lastKnownFileType = sourcecode.swift; path = SceneDelegate.swift; sourceTree = "<group>"; };
		B3BFBCDC2852A48700550ADE /* ViewController.swift */ = {isa = PBXFileReference; lastKnownFileType = sourcecode.swift; path = ViewController.swift; sourceTree = "<group>"; };
		B3BFBCDF2852A48700550ADE /* Base */ = {isa = PBXFileReference; lastKnownFileType = file.storyboard; name = Base; path = Base.lproj/Main.storyboard; sourceTree = "<group>"; };
		B3BFBCE12852A48800550ADE /* Assets.xcassets */ = {isa = PBXFileReference; lastKnownFileType = folder.assetcatalog; path = Assets.xcassets; sourceTree = "<group>"; };
		B3BFBCE42852A48800550ADE /* Base */ = {isa = PBXFileReference; lastKnownFileType = file.storyboard; name = Base; path = Base.lproj/LaunchScreen.storyboard; sourceTree = "<group>"; };
		B3BFBCE62852A48800550ADE /* Info.plist */ = {isa = PBXFileReference; lastKnownFileType = text.plist.xml; path = Info.plist; sourceTree = "<group>"; };
		B91190DFE93593A530E64476 /* Pods_RxSwiftPracticeLogin.framework */ = {isa = PBXFileReference; explicitFileType = wrapper.framework; includeInIndex = 0; path = Pods_RxSwiftPracticeLogin.framework; sourceTree = BUILT_PRODUCTS_DIR; };
		F41E660C96DE3D4CBA73DFDA /* Pods-RxSwiftPracticeLogin.release.xcconfig */ = {isa = PBXFileReference; includeInIndex = 1; lastKnownFileType = text.xcconfig; name = "Pods-RxSwiftPracticeLogin.release.xcconfig"; path = "Target Support Files/Pods-RxSwiftPracticeLogin/Pods-RxSwiftPracticeLogin.release.xcconfig"; sourceTree = "<group>"; };
/* End PBXFileReference section */

/* Begin PBXFrameworksBuildPhase section */
		B3BFBCD22852A48700550ADE /* Frameworks */ = {
			isa = PBXFrameworksBuildPhase;
			buildActionMask = 2147483647;
			files = (
				0647995D86434653A30A62E9 /* Pods_RxSwiftPracticeLogin.framework in Frameworks */,
			);
			runOnlyForDeploymentPostprocessing = 0;
		};
/* End PBXFrameworksBuildPhase section */

/* Begin PBXGroup section */
		19A90A7B63CAAEE3EEE49B27 /* Frameworks */ = {
			isa = PBXGroup;
			children = (
				B91190DFE93593A530E64476 /* Pods_RxSwiftPracticeLogin.framework */,
			);
			name = Frameworks;
			sourceTree = "<group>";
		};
		B3BFBCCC2852A48700550ADE = {
			isa = PBXGroup;
			children = (
				B3BFBCD72852A48700550ADE /* RxSwiftPracticeLogin */,
				B3BFBCD62852A48700550ADE /* Products */,
				F1BA5B0382C212D4CF553F68 /* Pods */,
				19A90A7B63CAAEE3EEE49B27 /* Frameworks */,
			);
			sourceTree = "<group>";
		};
		B3BFBCD62852A48700550ADE /* Products */ = {
			isa = PBXGroup;
			children = (
				B3BFBCD52852A48700550ADE /* RxSwiftPracticeLogin.app */,
			);
			name = Products;
			sourceTree = "<group>";
		};
		B3BFBCD72852A48700550ADE /* RxSwiftPracticeLogin */ = {
			isa = PBXGroup;
			children = (
				B3BFBCD82852A48700550ADE /* AppDelegate.swift */,
				B3BFBCDA2852A48700550ADE /* SceneDelegate.swift */,
				B3BFBCDC2852A48700550ADE /* ViewController.swift */,
				B3BFBCDE2852A48700550ADE /* Main.storyboard */,
				B3BFBCE12852A48800550ADE /* Assets.xcassets */,
				B3BFBCE32852A48800550ADE /* LaunchScreen.storyboard */,
				B3BFBCE62852A48800550ADE /* Info.plist */,
			);
			path = RxSwiftPracticeLogin;
			sourceTree = "<group>";
		};
		F1BA5B0382C212D4CF553F68 /* Pods */ = {
			isa = PBXGroup;
			children = (
				2CA0CEE25C14E926A42E08B1 /* Pods-RxSwiftPracticeLogin.debug.xcconfig */,
				F41E660C96DE3D4CBA73DFDA /* Pods-RxSwiftPracticeLogin.release.xcconfig */,
			);
			name = Pods;
			path = Pods;
			sourceTree = "<group>";
		};
/* End PBXGroup section */

/* Begin PBXNativeTarget section */
		B3BFBCD42852A48700550ADE /* RxSwiftPracticeLogin */ = {
			isa = PBXNativeTarget;
			buildConfigurationList = B3BFBCE92852A48800550ADE /* Build configuration list for PBXNativeTarget "RxSwiftPracticeLogin" */;
			buildPhases = (
				9FB8BC64E48395636D06BDD0 /* [CP] Check Pods Manifest.lock */,
				B3BFBCD12852A48700550ADE /* Sources */,
				B3BFBCD22852A48700550ADE /* Frameworks */,
				B3BFBCD32852A48700550ADE /* Resources */,
				3FE3AB61FA7ED101FADAE6D4 /* [CP] Embed Pods Frameworks */,
			);
			buildRules = (
			);
			dependencies = (
			);
			name = RxSwiftPracticeLogin;
			productName = RxSwiftPracticeLogin;
			productReference = B3BFBCD52852A48700550ADE /* RxSwiftPracticeLogin.app */;
			productType = "com.apple.product-type.application";
		};
/* End PBXNativeTarget section */

/* Begin PBXProject section */
		B3BFBCCD2852A48700550ADE /* Project object */ = {
			isa = PBXProject;
			attributes = {
				BuildIndependentTargetsInParallel = 1;
				LastSwiftUpdateCheck = 1340;
				LastUpgradeCheck = 1340;
				TargetAttributes = {
					B3BFBCD42852A48700550ADE = {
						CreatedOnToolsVersion = 13.4.1;
					};
				};
			};
			buildConfigurationList = B3BFBCD02852A48700550ADE /* Build configuration list for PBXProject "RxSwiftPracticeLogin" */;
			compatibilityVersion = "Xcode 13.0";
			developmentRegion = en;
			hasScannedForEncodings = 0;
			knownRegions = (
				en,
				Base,
			);
			mainGroup = B3BFBCCC2852A48700550ADE;
			productRefGroup = B3BFBCD62852A48700550ADE /* Products */;
			projectDirPath = "";
			projectRoot = "";
			targets = (
				B3BFBCD42852A48700550ADE /* RxSwiftPracticeLogin */,
			);
		};
/* End PBXProject section */

/* Begin PBXResourcesBuildPhase section */
		B3BFBCD32852A48700550ADE /* Resources */ = {
			isa = PBXResourcesBuildPhase;
			buildActionMask = 2147483647;
			files = (
				B3BFBCE52852A48800550ADE /* LaunchScreen.storyboard in Resources */,
				B3BFBCE22852A48800550ADE /* Assets.xcassets in Resources */,
				B3BFBCE02852A48700550ADE /* Main.storyboard in Resources */,
			);
			runOnlyForDeploymentPostprocessing = 0;
		};
/* End PBXResourcesBuildPhase section */

/* Begin PBXShellScriptBuildPhase section */
		3FE3AB61FA7ED101FADAE6D4 /* [CP] Embed Pods Frameworks */ = {
			isa = PBXShellScriptBuildPhase;
			buildActionMask = 2147483647;
			files = (
			);
			inputFileListPaths = (
				"${PODS_ROOT}/Target Support Files/Pods-RxSwiftPracticeLogin/Pods-RxSwiftPracticeLogin-frameworks-${CONFIGURATION}-input-files.xcfilelist",
			);
			name = "[CP] Embed Pods Frameworks";
			outputFileListPaths = (
				"${PODS_ROOT}/Target Support Files/Pods-RxSwiftPracticeLogin/Pods-RxSwiftPracticeLogin-frameworks-${CONFIGURATION}-output-files.xcfilelist",
			);
			runOnlyForDeploymentPostprocessing = 0;
			shellPath = /bin/sh;
			shellScript = "\"${PODS_ROOT}/Target Support Files/Pods-RxSwiftPracticeLogin/Pods-RxSwiftPracticeLogin-frameworks.sh\"\n";
			showEnvVarsInLog = 0;
		};
		9FB8BC64E48395636D06BDD0 /* [CP] Check Pods Manifest.lock */ = {
			isa = PBXShellScriptBuildPhase;
			buildActionMask = 2147483647;
			files = (
			);
			inputFileListPaths = (
			);
			inputPaths = (
				"${PODS_PODFILE_DIR_PATH}/Podfile.lock",
				"${PODS_ROOT}/Manifest.lock",
			);
			name = "[CP] Check Pods Manifest.lock";
			outputFileListPaths = (
			);
			outputPaths = (
				"$(DERIVED_FILE_DIR)/Pods-RxSwiftPracticeLogin-checkManifestLockResult.txt",
			);
			runOnlyForDeploymentPostprocessing = 0;
			shellPath = /bin/sh;
			shellScript = "diff \"${PODS_PODFILE_DIR_PATH}/Podfile.lock\" \"${PODS_ROOT}/Manifest.lock\" > /dev/null\nif [ $? != 0 ] ; then\n    # print error to STDERR\n    echo \"error: The sandbox is not in sync with the Podfile.lock. Run 'pod install' or update your CocoaPods installation.\" >&2\n    exit 1\nfi\n# This output is used by Xcode 'outputs' to avoid re-running this script phase.\necho \"SUCCESS\" > \"${SCRIPT_OUTPUT_FILE_0}\"\n";
			showEnvVarsInLog = 0;
		};
/* End PBXShellScriptBuildPhase section */

/* Begin PBXSourcesBuildPhase section */
		B3BFBCD12852A48700550ADE /* Sources */ = {
			isa = PBXSourcesBuildPhase;
			buildActionMask = 2147483647;
			files = (
				B3BFBCDD2852A48700550ADE /* ViewController.swift in Sources */,
				B3BFBCD92852A48700550ADE /* AppDelegate.swift in Sources */,
				B3BFBCDB2852A48700550ADE /* SceneDelegate.swift in Sources */,
			);
			runOnlyForDeploymentPostprocessing = 0;
		};
/* End PBXSourcesBuildPhase section */

/* Begin PBXVariantGroup section */
		B3BFBCDE2852A48700550ADE /* Main.storyboard */ = {
			isa = PBXVariantGroup;
			children = (
				B3BFBCDF2852A48700550ADE /* Base */,
			);
			name = Main.storyboard;
			sourceTree = "<group>";
		};
		B3BFBCE32852A48800550ADE /* LaunchScreen.storyboard */ = {
			isa = PBXVariantGroup;
			children = (
				B3BFBCE42852A48800550ADE /* Base */,
			);
			name = LaunchScreen.storyboard;
			sourceTree = "<group>";
		};
/* End PBXVariantGroup section */

/* Begin XCBuildConfiguration section */
		B3BFBCE72852A48800550ADE /* Debug */ = {
			isa = XCBuildConfiguration;
			buildSettings = {
				ALWAYS_SEARCH_USER_PATHS = NO;
				CLANG_ANALYZER_NONNULL = YES;
				CLANG_ANALYZER_NUMBER_OBJECT_CONVERSION = YES_AGGRESSIVE;
				CLANG_CXX_LANGUAGE_STANDARD = "gnu++17";
				CLANG_ENABLE_MODULES = YES;
				CLANG_ENABLE_OBJC_ARC = YES;
				CLANG_ENABLE_OBJC_WEAK = YES;
				CLANG_WARN_BLOCK_CAPTURE_AUTORELEASING = YES;
				CLANG_WARN_BOOL_CONVERSION = YES;
				CLANG_WARN_COMMA = YES;
				CLANG_WARN_CONSTANT_CONVERSION = YES;
				CLANG_WARN_DEPRECATED_OBJC_IMPLEMENTATIONS = YES;
				CLANG_WARN_DIRECT_OBJC_ISA_USAGE = YES_ERROR;
				CLANG_WARN_DOCUMENTATION_COMMENTS = YES;
				CLANG_WARN_EMPTY_BODY = YES;
				CLANG_WARN_ENUM_CONVERSION = YES;
				CLANG_WARN_INFINITE_RECURSION = YES;
				CLANG_WARN_INT_CONVERSION = YES;
				CLANG_WARN_NON_LITERAL_NULL_CONVERSION = YES;
				CLANG_WARN_OBJC_IMPLICIT_RETAIN_SELF = YES;
				CLANG_WARN_OBJC_LITERAL_CONVERSION = YES;
				CLANG_WARN_OBJC_ROOT_CLASS = YES_ERROR;
				CLANG_WARN_QUOTED_INCLUDE_IN_FRAMEWORK_HEADER = YES;
				CLANG_WARN_RANGE_LOOP_ANALYSIS = YES;
				CLANG_WARN_STRICT_PROTOTYPES = YES;
				CLANG_WARN_SUSPICIOUS_MOVE = YES;
				CLANG_WARN_UNGUARDED_AVAILABILITY = YES_AGGRESSIVE;
				CLANG_WARN_UNREACHABLE_CODE = YES;
				CLANG_WARN__DUPLICATE_METHOD_MATCH = YES;
				COPY_PHASE_STRIP = NO;
				DEBUG_INFORMATION_FORMAT = dwarf;
				ENABLE_STRICT_OBJC_MSGSEND = YES;
				ENABLE_TESTABILITY = YES;
				GCC_C_LANGUAGE_STANDARD = gnu11;
				GCC_DYNAMIC_NO_PIC = NO;
				GCC_NO_COMMON_BLOCKS = YES;
				GCC_OPTIMIZATION_LEVEL = 0;
				GCC_PREPROCESSOR_DEFINITIONS = (
					"DEBUG=1",
					"$(inherited)",
				);
				GCC_WARN_64_TO_32_BIT_CONVERSION = YES;
				GCC_WARN_ABOUT_RETURN_TYPE = YES_ERROR;
				GCC_WARN_UNDECLARED_SELECTOR = YES;
				GCC_WARN_UNINITIALIZED_AUTOS = YES_AGGRESSIVE;
				GCC_WARN_UNUSED_FUNCTION = YES;
				GCC_WARN_UNUSED_VARIABLE = YES;
				IPHONEOS_DEPLOYMENT_TARGET = 15.5;
				MTL_ENABLE_DEBUG_INFO = INCLUDE_SOURCE;
				MTL_FAST_MATH = YES;
				ONLY_ACTIVE_ARCH = YES;
				SDKROOT = iphoneos;
				SWIFT_ACTIVE_COMPILATION_CONDITIONS = DEBUG;
				SWIFT_OPTIMIZATION_LEVEL = "-Onone";
			};
			name = Debug;
		};
		B3BFBCE82852A48800550ADE /* Release */ = {
			isa = XCBuildConfiguration;
			buildSettings = {
				ALWAYS_SEARCH_USER_PATHS = NO;
				CLANG_ANALYZER_NONNULL = YES;
				CLANG_ANALYZER_NUMBER_OBJECT_CONVERSION = YES_AGGRESSIVE;
				CLANG_CXX_LANGUAGE_STANDARD = "gnu++17";
				CLANG_ENABLE_MODULES = YES;
				CLANG_ENABLE_OBJC_ARC = YES;
				CLANG_ENABLE_OBJC_WEAK = YES;
				CLANG_WARN_BLOCK_CAPTURE_AUTORELEASING = YES;
				CLANG_WARN_BOOL_CONVERSION = YES;
				CLANG_WARN_COMMA = YES;
				CLANG_WARN_CONSTANT_CONVERSION = YES;
				CLANG_WARN_DEPRECATED_OBJC_IMPLEMENTATIONS = YES;
				CLANG_WARN_DIRECT_OBJC_ISA_USAGE = YES_ERROR;
				CLANG_WARN_DOCUMENTATION_COMMENTS = YES;
				CLANG_WARN_EMPTY_BODY = YES;
				CLANG_WARN_ENUM_CONVERSION = YES;
				CLANG_WARN_INFINITE_RECURSION = YES;
				CLANG_WARN_INT_CONVERSION = YES;
				CLANG_WARN_NON_LITERAL_NULL_CONVERSION = YES;
				CLANG_WARN_OBJC_IMPLICIT_RETAIN_SELF = YES;
				CLANG_WARN_OBJC_LITERAL_CONVERSION = YES;
				CLANG_WARN_OBJC_ROOT_CLASS = YES_ERROR;
				CLANG_WARN_QUOTED_INCLUDE_IN_FRAMEWORK_HEADER = YES;
				CLANG_WARN_RANGE_LOOP_ANALYSIS = YES;
				CLANG_WARN_STRICT_PROTOTYPES = YES;
				CLANG_WARN_SUSPICIOUS_MOVE = YES;
				CLANG_WARN_UNGUARDED_AVAILABILITY = YES_AGGRESSIVE;
				CLANG_WARN_UNREACHABLE_CODE = YES;
				CLANG_WARN__DUPLICATE_METHOD_MATCH = YES;
				COPY_PHASE_STRIP = NO;
				DEBUG_INFORMATION_FORMAT = "dwarf-with-dsym";
				ENABLE_NS_ASSERTIONS = NO;
				ENABLE_STRICT_OBJC_MSGSEND = YES;
				GCC_C_LANGUAGE_STANDARD = gnu11;
				GCC_NO_COMMON_BLOCKS = YES;
				GCC_WARN_64_TO_32_BIT_CONVERSION = YES;
				GCC_WARN_ABOUT_RETURN_TYPE = YES_ERROR;
				GCC_WARN_UNDECLARED_SELECTOR = YES;
				GCC_WARN_UNINITIALIZED_AUTOS = YES_AGGRESSIVE;
				GCC_WARN_UNUSED_FUNCTION = YES;
				GCC_WARN_UNUSED_VARIABLE = YES;
				IPHONEOS_DEPLOYMENT_TARGET = 15.5;
				MTL_ENABLE_DEBUG_INFO = NO;
				MTL_FAST_MATH = YES;
				SDKROOT = iphoneos;
				SWIFT_COMPILATION_MODE = wholemodule;
				SWIFT_OPTIMIZATION_LEVEL = "-O";
				VALIDATE_PRODUCT = YES;
			};
			name = Release;
		};
		B3BFBCEA2852A48800550ADE /* Debug */ = {
			isa = XCBuildConfiguration;
			baseConfigurationReference = 2CA0CEE25C14E926A42E08B1 /* Pods-RxSwiftPracticeLogin.debug.xcconfig */;
			buildSettings = {
				ASSETCATALOG_COMPILER_APPICON_NAME = AppIcon;
				ASSETCATALOG_COMPILER_GLOBAL_ACCENT_COLOR_NAME = AccentColor;
				CODE_SIGN_STYLE = Automatic;
				CURRENT_PROJECT_VERSION = 1;
				GENERATE_INFOPLIST_FILE = YES;
				INFOPLIST_FILE = RxSwiftPracticeLogin/Info.plist;
				INFOPLIST_KEY_UIApplicationSupportsIndirectInputEvents = YES;
				INFOPLIST_KEY_UILaunchStoryboardName = LaunchScreen;
				INFOPLIST_KEY_UIMainStoryboardFile = Main;
				INFOPLIST_KEY_UISupportedInterfaceOrientations_iPad = "UIInterfaceOrientationPortrait UIInterfaceOrientationPortraitUpsideDown UIInterfaceOrientationLandscapeLeft UIInterfaceOrientationLandscapeRight";
				INFOPLIST_KEY_UISupportedInterfaceOrientations_iPhone = "UIInterfaceOrientationPortrait UIInterfaceOrientationLandscapeLeft UIInterfaceOrientationLandscapeRight";
				LD_RUNPATH_SEARCH_PATHS = (
					"$(inherited)",
					"@executable_path/Frameworks",
				);
				MARKETING_VERSION = 1.0;
				PRODUCT_BUNDLE_IDENTIFIER = MYCompany.RxSwiftPracticeLogin;
				PRODUCT_NAME = "$(TARGET_NAME)";
				SWIFT_EMIT_LOC_STRINGS = YES;
				SWIFT_VERSION = 5.0;
				TARGETED_DEVICE_FAMILY = "1,2";
			};
			name = Debug;
		};
		B3BFBCEB2852A48800550ADE /* Release */ = {
			isa = XCBuildConfiguration;
			baseConfigurationReference = F41E660C96DE3D4CBA73DFDA /* Pods-RxSwiftPracticeLogin.release.xcconfig */;
			buildSettings = {
				ASSETCATALOG_COMPILER_APPICON_NAME = AppIcon;
				ASSETCATALOG_COMPILER_GLOBAL_ACCENT_COLOR_NAME = AccentColor;
				CODE_SIGN_STYLE = Automatic;
				CURRENT_PROJECT_VERSION = 1;
				GENERATE_INFOPLIST_FILE = YES;
				INFOPLIST_FILE = RxSwiftPracticeLogin/Info.plist;
				INFOPLIST_KEY_UIApplicationSupportsIndirectInputEvents = YES;
				INFOPLIST_KEY_UILaunchStoryboardName = LaunchScreen;
				INFOPLIST_KEY_UIMainStoryboardFile = Main;
				INFOPLIST_KEY_UISupportedInterfaceOrientations_iPad = "UIInterfaceOrientationPortrait UIInterfaceOrientationPortraitUpsideDown UIInterfaceOrientationLandscapeLeft UIInterfaceOrientationLandscapeRight";
				INFOPLIST_KEY_UISupportedInterfaceOrientations_iPhone = "UIInterfaceOrientationPortrait UIInterfaceOrientationLandscapeLeft UIInterfaceOrientationLandscapeRight";
				LD_RUNPATH_SEARCH_PATHS = (
					"$(inherited)",
					"@executable_path/Frameworks",
				);
				MARKETING_VERSION = 1.0;
				PRODUCT_BUNDLE_IDENTIFIER = MYCompany.RxSwiftPracticeLogin;
				PRODUCT_NAME = "$(TARGET_NAME)";
				SWIFT_EMIT_LOC_STRINGS = YES;
				SWIFT_VERSION = 5.0;
				TARGETED_DEVICE_FAMILY = "1,2";
			};
			name = Release;
		};
/* End XCBuildConfiguration section */

/* Begin XCConfigurationList section */
		B3BFBCD02852A48700550ADE /* Build configuration list for PBXProject "RxSwiftPracticeLogin" */ = {
			isa = XCConfigurationList;
			buildConfigurations = (
				B3BFBCE72852A48800550ADE /* Debug */,
				B3BFBCE82852A48800550ADE /* Release */,
			);
			defaultConfigurationIsVisible = 0;
			defaultConfigurationName = Release;
		};
		B3BFBCE92852A48800550ADE /* Build configuration list for PBXNativeTarget "RxSwiftPracticeLogin" */ = {
			isa = XCConfigurationList;
			buildConfigurations = (
				B3BFBCEA2852A48800550ADE /* Debug */,
				B3BFBCEB2852A48800550ADE /* Release */,
			);
			defaultConfigurationIsVisible = 0;
			defaultConfigurationName = Release;
		};
/* End XCConfigurationList section */
	};
	rootObject = B3BFBCCD2852A48700550ADE /* Project object */;
}
